{
    "_meta": {
        "hash": {
            "sha256": "93dbfe94ebb7bf69dab3fd91ad22fb76334ec57e489a825d6c11607768ce5060"
        },
        "pipfile-spec": 6,
        "requires": {
            "python_version": "3.7"
        },
        "sources": [
            {
                "name": "pypi",
                "url": "https://pypi.org/simple",
                "verify_ssl": true
            }
        ]
    },
    "default": {
        "bcrypt": {
            "hashes": [
                "sha256:5b93c1726e50a93a033c36e5ca7fdcd29a5c7395af50a6892f5d9e7c6cfbfb29",
                "sha256:63d4e3ff96188e5898779b6057878fecf3f11cfe6ec3b313ea09955d587ec7a7",
                "sha256:81fec756feff5b6818ea7ab031205e1d323d8943d237303baca2c5f9c7846f34",
                "sha256:a67fb841b35c28a59cebed05fbd3e80eea26e6d75851f0574a9273c80f3e9b55",
                "sha256:c95d4cbebffafcdd28bd28bb4e25b31c50f6da605c81ffd9ad8a3d1b2ab7b1b6",
                "sha256:cd1ea2ff3038509ea95f687256c46b79f5fc382ad0aa3664d200047546d511d1",
                "sha256:cdcdcb3972027f83fe24a48b1e90ea4b584d35f1cc279d76de6fc4b13376239d"
            ],
            "index": "pypi",
            "version": "==3.2.0"
        },
        "cffi": {
            "hashes": [
                "sha256:00a1ba5e2e95684448de9b89888ccd02c98d512064b4cb987d48f4b40aa0421e",
                "sha256:00e28066507bfc3fe865a31f325c8391a1ac2916219340f87dfad602c3e48e5d",
                "sha256:045d792900a75e8b1e1b0ab6787dd733a8190ffcf80e8c8ceb2fb10a29ff238a",
                "sha256:0638c3ae1a0edfb77c6765d487fee624d2b1ee1bdfeffc1f0b58c64d149e7eec",
                "sha256:105abaf8a6075dc96c1fe5ae7aae073f4696f2905fde6aeada4c9d2926752362",
                "sha256:155136b51fd733fa94e1c2ea5211dcd4c8879869008fc811648f16541bf99668",
                "sha256:1a465cbe98a7fd391d47dce4b8f7e5b921e6cd805ef421d04f5f66ba8f06086c",
                "sha256:1d2c4994f515e5b485fd6d3a73d05526aa0fcf248eb135996b088d25dfa1865b",
                "sha256:2c24d61263f511551f740d1a065eb0212db1dbbbbd241db758f5244281590c06",
                "sha256:51a8b381b16ddd370178a65360ebe15fbc1c71cf6f584613a7ea08bfad946698",
                "sha256:594234691ac0e9b770aee9fcdb8fa02c22e43e5c619456efd0d6c2bf276f3eb2",
                "sha256:5cf4be6c304ad0b6602f5c4e90e2f59b47653ac1ed9c662ed379fe48a8f26b0c",
                "sha256:64081b3f8f6f3c3de6191ec89d7dc6c86a8a43911f7ecb422c60e90c70be41c7",
                "sha256:6bc25fc545a6b3d57b5f8618e59fc13d3a3a68431e8ca5fd4c13241cd70d0009",
                "sha256:798caa2a2384b1cbe8a2a139d80734c9db54f9cc155c99d7cc92441a23871c03",
                "sha256:7c6b1dece89874d9541fc974917b631406233ea0440d0bdfbb8e03bf39a49b3b",
                "sha256:840793c68105fe031f34d6a086eaea153a0cd5c491cde82a74b420edd0a2b909",
                "sha256:8d6603078baf4e11edc4168a514c5ce5b3ba6e3e9c374298cb88437957960a53",
                "sha256:9cc46bc107224ff5b6d04369e7c595acb700c3613ad7bcf2e2012f62ece80c35",
                "sha256:9f7a31251289b2ab6d4012f6e83e58bc3b96bd151f5b5262467f4bb6b34a7c26",
                "sha256:9ffb888f19d54a4d4dfd4b3f29bc2c16aa4972f1c2ab9c4ab09b8ab8685b9c2b",
                "sha256:a7711edca4dcef1a75257b50a2fbfe92a65187c47dab5a0f1b9b332c5919a3fb",
                "sha256:af5c59122a011049aad5dd87424b8e65a80e4a6477419c0c1015f73fb5ea0293",
                "sha256:b18e0a9ef57d2b41f5c68beefa32317d286c3d6ac0484efd10d6e07491bb95dd",
                "sha256:b4e248d1087abf9f4c10f3c398896c87ce82a9856494a7155823eb45a892395d",
                "sha256:ba4e9e0ae13fc41c6b23299545e5ef73055213e466bd107953e4a013a5ddd7e3",
                "sha256:c6332685306b6417a91b1ff9fae889b3ba65c2292d64bd9245c093b1b284809d",
                "sha256:d9efd8b7a3ef378dd61a1e77367f1924375befc2eba06168b6ebfa903a5e59ca",
                "sha256:df5169c4396adc04f9b0a05f13c074df878b6052430e03f50e68adf3a57aa28d",
                "sha256:ebb253464a5d0482b191274f1c8bf00e33f7e0b9c66405fbffc61ed2c839c775",
                "sha256:ec80dc47f54e6e9a78181ce05feb71a0353854cc26999db963695f950b5fb375",
                "sha256:f032b34669220030f905152045dfa27741ce1a6db3324a5bc0b96b6c7420c87b",
                "sha256:f60567825f791c6f8a592f3c6e3bd93dd2934e3f9dac189308426bd76b00ef3b",
                "sha256:f803eaa94c2fcda012c047e62bc7a51b0bdabda1cad7a92a522694ea2d76e49f"
            ],
            "version": "==1.14.4"
        },
        "falcon": {
            "hashes": [
                "sha256:18157af2a4fc3feedf2b5dcc6196f448639acf01c68bc33d4d5a04c3ef87f494",
                "sha256:24adcd2b29a8ffa9d552dc79638cd21736a3fb04eda7d102c6cebafdaadb88ad",
                "sha256:54f2cb4b687035b2a03206dbfc538055cc48b59a953187b0458aa1b574d47b53",
                "sha256:59d1e8c993b9a37ea06df9d72cf907a46cc8063b30717cdac2f34d1658b6f936",
                "sha256:733033ec80c896e30a43ab3e776856096836787197a44eb21022320a61311983",
                "sha256:74cf1d18207381c665b9e6292d65100ce146d958707793174b03869dc6e614f4",
                "sha256:95bf6ce986c1119aef12c9b348f4dee9c6dcc58391bdd0bc2b0bf353c2b15986",
                "sha256:9712975adcf8c6e12876239085ad757b8fdeba223d46d23daef82b47658f83a9",
                "sha256:a5ebb22a04c9cc65081938ee7651b4e3b4d2a28522ea8ec04c7bdd2b3e9e8cd8",
                "sha256:aa184895d1ad4573fbfaaf803563d02f019ebdf4790e41cc568a330607eae439",
                "sha256:e3782b7b92fefd46a6ad1fd8fe63fe6c6f1b7740a95ca56957f48d1aee34b357",
                "sha256:e9efa0791b5d9f9dd9689015ea6bce0a27fcd5ecbcd30e6d940bffa4f7f03389",
                "sha256:eea593cf466b9c126ce667f6d30503624ef24459f118c75594a69353b6c3d5fc",
                "sha256:f93351459f110b4c1ee28556aef9a791832df6f910bea7b3f616109d534df06b"
            ],
            "index": "pypi",
            "version": "==2.0.0"
        },
        "hupper": {
            "hashes": [
                "sha256:3818f53dabc24da66f65cf4878c1c7a9b5df0c46b813e014abdd7c569eb9a02a",
                "sha256:5de835f3b58324af2a8a16f52270c4d1a3d1734c45eed94b77fd622aea737f29"
            ],
            "index": "pypi",
            "version": "==1.10.2"
        },
        "mongoengine": {
            "hashes": [
                "sha256:2680426385a03190e0494712081363fcc0c59bf9022a4f6033bcbb76a6f3e488",
                "sha256:2ec7e4a8cedfffe9e1690ca920bfcb9778146945ab1ba62840a210c43ab7eff7"
            ],
            "index": "pypi",
            "version": "==0.21.0"
        },
        "pycparser": {
            "hashes": [
                "sha256:2d475327684562c3a96cc71adf7dc8c4f0565175cf86b6d7a404ff4c771f15f0",
                "sha256:7582ad22678f0fcd81102833f60ef8d0e57288b6b5fb00323d101be910e35705"
            ],
            "markers": "python_version >= '2.7' and python_version not in '3.0, 3.1, 3.2, 3.3'",
            "version": "==2.20"
        },
        "pyjwt": {
            "hashes": [
                "sha256:5c6eca3c2940464d106b99ba83b00c6add741c9becaec087fb7ccdefea71350e",
                "sha256:8d59a976fb773f3e6a39c85636357c4f0e242707394cadadd9814f5cbaa20e96"
            ],
            "index": "pypi",
            "version": "==1.7.1"
        },
        "pymongo": {
            "hashes": [
                "sha256:00f6c32f86a5bd1cbefcc0a27ea06565628de3bb2e6786d3f0dce0330e70c958",
                "sha256:016e8162b57e2a45cb8d2356f39795ccff2ee65fd79fe078de4f9aa78ef1994b",
                "sha256:078e74cffb4955a454dd0955c3fa38327185a41447ac4e368f81c2f0c07e6559",
                "sha256:079a30c21d3c334ee65581a8cac5380e94521970423996c5b18a7c550230d94c",
                "sha256:0b5aa85a04efcf22c176de25e3fce675510d7700f523728fa9485d576db41358",
                "sha256:0dd8c0367639cd5cf84be91af6b733076119745aea6e53fdf9e581819d911eac",
                "sha256:1529b23a51ef8613712b3e19225690564955250932d58487af6c060413ce0f1f",
                "sha256:17a3b2148b9e0914dc5f0d6a5c636f81dc4b428b80ea45576f79cfe619844c6d",
                "sha256:1f5fabe75c9b7eb5a42dac9717f952a879ab3705bcf7e9ef744cdbdfd37bcf3d",
                "sha256:220216da1d4fb10f941ff5e408f2958896fe534283bb3b1c1c17d4b0ac5d8b45",
                "sha256:251acfa87e07e47044ed7f6157fc63a95020bb4ee9d705fb2faf3b67e6a3574e",
                "sha256:2542b21b08dc30bf0a69de55a42225f25b0af0dea7852edf2011952abb50e7b4",
                "sha256:2bcbde25342fa0991b0c144c8eafadc77e605e7940bf462922f6d550f88d6777",
                "sha256:2c0b0d201182bfbbfb2c679af3118ca53926a31d8c0c21e9b7943f8264ec0052",
                "sha256:319f1b5a8373e280026905093aaacf4cca858a9ae653e456b9f9f9ad5f308088",
                "sha256:342248b25c193ab20e1145989455d614d4d553334576a72be600ee371fa5de41",
                "sha256:3b8076ff801dca0920f1b5c76a0e062dc26bb76de7e79efcf347c3a5ff776127",
                "sha256:3cf7726216a8792d147ba44433fddc19ed149531fb23899ce82d24a0a90ec2fd",
                "sha256:4266ebb14bed0206c73e2f626949679c23a6f935ea4b60529d7c3551f2f3051a",
                "sha256:4cc8cf971ee53ad65e53b80a6f611070dbe55640b447ae9b2b98329aebd21155",
                "sha256:4da19b5c555cf1d8b8a0b980d9c97b1b0f27e05bcf278bf64cc6c30b697a59f9",
                "sha256:4f0023db6168f052ffeec435ca0608ffe8abac17a36b8084bdc348c978e08a23",
                "sha256:5012342f457a544818254a89f7e7a4ecd05c4eaa89ed68ae58727039c92ff0f7",
                "sha256:56bbbccf22fd91ae88b2dffe56dceb84d80fa808065e6bcbedb86ec7e0f84b3b",
                "sha256:5a07a9983e0bc51ad61a16c228d1b60d1f98f7df5f225f435b41f8921d335e06",
                "sha256:5a88fad3dcfaa222383ceb53af9a030a841ad998636648a748d79515c8afb6b4",
                "sha256:5fc04e445e58103bfddb601822ab355ffb8fb760142593e2b0f20c3940859352",
                "sha256:613d30623bd1f9418d5a6999f73066b01831bf7c7789bc3fe2bf44b5fe5dc67d",
                "sha256:6e7b2b589a600f467e9159df907638c2d08aca46b0f74d88ceeaa185abd9069b",
                "sha256:74b6e8e240e53518a701f4cd56a518c8de2631d6019e93295499db15cf46d973",
                "sha256:78d4142116d6d910f1c195f3253b6209f21bb1b06fb6c6ebf90cbf80518c4071",
                "sha256:82bc20e554fe9175e6ae53db74c3f094c4d752a55e3b363b93ff93d87a868cb7",
                "sha256:8becbccb58b7b37ce2aa5f387f298914ec520747f11edfbc31347bd2ba7e3481",
                "sha256:903396921ad52c63c423683a141391e28edb8b6dfbd2388a6848b052a9e23863",
                "sha256:9a5667eb4bc9ed805d1a06ca8b5ff7ee25df666b05cbb8f58f9ac16cac243d0b",
                "sha256:9f672a8b5972a2db3284f8c0324dcaaeceedead9b4e5c836e93092b599f2dbf0",
                "sha256:a08c60335a4b1c6348d5be176f379f7b69f2021d1ebaafb11586007f6268a423",
                "sha256:a122c9e30e49bbd8c5c423e3ea2bcff5deb8a2c504d88cbfc3c21b036295bbf3",
                "sha256:a6bf56c1f6d13b0e22db604c73fba6feca088fe7f6aa978cc215f83e2005d765",
                "sha256:a9c1a2538cd120283e7137ac97ce27ebdfcb675730c5055d6332b0043f4e5a55",
                "sha256:aacc9b646e142e7d32b88f0dccc6ab28f669ecf3ccc7212a274b99c83e228ef1",
                "sha256:ae0403befca6a9088be702c1d94fc1b17c333cd84a43328c973d223991c41936",
                "sha256:b3b939780963164086fc256436c1bf9301d4c5c99026e2c281b21237234aaa2c",
                "sha256:b6282855f9193f4e7ae07c2d138b583d487d0e66add62eda7013365815188ce9",
                "sha256:bb3f19af1949cbf93b17021c8c61e14e697c3f5c8923134b085dcef9d271b699",
                "sha256:be124527bfc30869e8a17915e1e960150757553d58c98e56c598fbb85697e32e",
                "sha256:c66de369d459f081a1860c58c6218da5e30a4c5d07277526f66f6c0b0efe742f",
                "sha256:c756d00b728f0d5ec65519d9005389fea519b2ad3aef0896c49ce80e6da8b547",
                "sha256:c7953352bc27ac5fbf79d43ef7bf576ad06fa06c0ae0d6ad7c36b14cd596d565",
                "sha256:cb81aa36a171ed1c28d615577ab5feae8e0b8e48818833663b446dd2bb8b53cd",
                "sha256:cc375f5cea8635597c21ff6bc61486ebe5dca5e662982c9e2b58a9106f92b56e",
                "sha256:d349cfc776f8859c2f99ff916e307555f5615ffabfbd6162f3822f21aa1e22ed",
                "sha256:dbc23ece1b111a10eb6d2475a7726b70418303d2e05078d223e7f97b286745a7",
                "sha256:e3158d2824391c52020d67e629d2586af774b543a75dc9f64eb830991ac2776e",
                "sha256:e5b4ba4939c2ab6550ecef1ccd7b00537de7a7e18a8f03bce0fc4786111b4d47",
                "sha256:e6d72517fa7370841981770c3802e7a8ca7e94ead1fba9981349fbe8e539f7eb",
                "sha256:e6e6089393646c1ef865484c27871d52ead69641dce5b53cbae2096cec615151",
                "sha256:e83d61f9a247344c701147934f203117c3064c982d35396565a6ca8356bc0ea9",
                "sha256:e9d7af8f668d2880fff8539188694e75e0b91d37174672a59dc5c5a0fea9f60d",
                "sha256:ebf21c07353d313421212e8ac0b21b6161c81aa71a12471b58629e38c784a751",
                "sha256:eebe522043450e8cf83ab7be2fc0268dfe702de586970d752cb012d6ce72309f",
                "sha256:f1ee136a8648cd76b44afdff99096823e68be90d02188d30e2ccd00b58e9b353",
                "sha256:f648d58915eb339329741296599fb25bc2a76474e64bdfeae4423ae83b312fb8",
                "sha256:fd09c310c54c6861e1488fcd30ceffa5dcd6c2dfe9f8409f47a8266fdc698547"
            ],
            "version": "==3.11.1"
        },
        "python-dotenv": {
            "hashes": [
                "sha256:0c8d1b80d1a1e91717ea7d526178e3882732420b03f08afea0406db6402e220e",
                "sha256:587825ed60b1711daea4832cf37524dfd404325b7db5e25ebe88c495c9f807a0"
            ],
            "index": "pypi",
            "version": "==0.15.0"
        },
        "six": {
            "hashes": [
                "sha256:30639c035cdb23534cd4aa2dd52c3bf48f06e5f4a941509c8bafd8ce11080259",
                "sha256:8b74bedcbbbaca38ff6d7491d76f2b06b3592611af620f8426e82dddb04a5ced"
            ],
            "markers": "python_version >= '2.7' and python_version not in '3.0, 3.1, 3.2, 3.3'",
            "version": "==1.15.0"
        },
        "waitress": {
            "hashes": [
                "sha256:1bb436508a7487ac6cb097ae7a7fe5413aefca610550baf58f0940e51ecfb261",
                "sha256:3d633e78149eb83b60a07dfabb35579c29aac2d24bb803c18b26fb2ab1a584db"
            ],
            "index": "pypi",
            "version": "==1.4.4"
        }
    },
    "develop": {}
}
